
Microsoft Visual Studio Solution File, Format Version 12.00
# Visual Studio Version 17
VisualStudioVersion = 17.14.36401.2 d17.14
MinimumVisualStudioVersion = 10.0.40219.1
Project("{FAE04EC0-301F-11D3-BF4B-00C04F79EFBC}") = "proyect_prestamo", "proyect_prestamo.csproj", "{AA1D7788-6FDA-4038-9D41-D809767CD51A}"
EndProject
Global
	GlobalSection(SolutionConfigurationPlatforms) = preSolution
		Debug|Any CPU = Debug|Any CPU
		Release|Any CPU = Release|Any CPU
	EndGlobalSection
	GlobalSection(ProjectConfigurationPlatforms) = postSolution
		{AA1D7788-6FDA-4038-9D41-D809767CD51A}.Debug|Any CPU.ActiveCfg = Debug|Any CPU
		{AA1D7788-6FDA-4038-9D41-D809767CD51A}.Debug|Any CPU.Build.0 = Debug|Any CPU
		{AA1D7788-6FDA-4038-9D41-D809767CD51A}.Release|Any CPU.ActiveCfg = Release|Any CPU
		{AA1D7788-6FDA-4038-9D41-D809767CD51A}.Release|Any CPU.Build.0 = Release|Any CPU
	EndGlobalSection
	GlobalSection(SolutionProperties) = preSolution
		HideSolutionNode = FALSE
	EndGlobalSection
	GlobalSection(ExtensibilityGlobals) = postSolution
		SolutionGuid = {2E4C5E68-FBB0-4EBE-B287-4B0FD6F5210C}
	EndGlobalSection
EndGlobal
